
Microsoft Visual Studio Solution File, Format Version 12.00
# Visual Studio Version 17
VisualStudioVersion = 17.0.31903.59
MinimumVisualStudioVersion = 10.0.40219.1
Project("{2150E333-8FDC-42A3-9474-1A3956D46DE8}") = "src", "src", "{827E0CD3-B72D-47B6-A68D-7590B98EB39B}"
EndProject
Project("{FAE04EC0-301F-11D3-BF4B-00C04F79EFBC}") = "Cloudy.API", "src\Cloudy.API\Cloudy.API.csproj", "{D6684DE1-C474-4EB2-8707-4304DA0347FB}"
EndProject
Project("{FAE04EC0-301F-11D3-BF4B-00C04F79EFBC}") = "Cloudy.Application", "src\Cloudy.Application\Cloudy.Application.csproj", "{F80DB09C-3CA4-47CC-AFF6-1B6F22B01D2C}"
EndProject
Project("{FAE04EC0-301F-11D3-BF4B-00C04F79EFBC}") = "Cloudy.Domain", "src\Cloudy.Domain\Cloudy.Domain.csproj", "{D9A64254-D69F-47A3-98FB-EA3257DD027B}"
EndProject
Project("{FAE04EC0-301F-11D3-BF4B-00C04F79EFBC}") = "Cloudy.Infrastructure", "src\Cloudy.Infrastructure\Cloudy.Infrastructure.csproj", "{820EECDC-7AC7-4A1B-8CDC-2B62F7BA6F4C}"
EndProject
Project("{2150E333-8FDC-42A3-9474-1A3956D46DE8}") = "tests", "tests", "{0AB3BF05-4346-4AA6-1389-037BE0695223}"
EndProject
Project("{FAE04EC0-301F-11D3-BF4B-00C04F79EFBC}") = "Cloudy.UnitTests", "tests\Cloudy.UnitTests\Cloudy.UnitTests.csproj", "{31CBA53E-3686-4033-B4EA-6E4EEB8872C5}"
EndProject
Project("{FAE04EC0-301F-11D3-BF4B-00C04F79EFBC}") = "Cloudy.IntegrationTests", "tests\Cloudy.IntegrationTests\Cloudy.IntegrationTests.csproj", "{BB550441-CFA7-41C2-B1D4-7DF613AA4406}"
EndProject
Global
	GlobalSection(SolutionConfigurationPlatforms) = preSolution
		Debug|Any CPU = Debug|Any CPU
		Debug|x64 = Debug|x64
		Debug|x86 = Debug|x86
		Release|Any CPU = Release|Any CPU
		Release|x64 = Release|x64
		Release|x86 = Release|x86
	EndGlobalSection
	GlobalSection(ProjectConfigurationPlatforms) = postSolution
		{D6684DE1-C474-4EB2-8707-4304DA0347FB}.Debug|Any CPU.ActiveCfg = Debug|Any CPU
		{D6684DE1-C474-4EB2-8707-4304DA0347FB}.Debug|Any CPU.Build.0 = Debug|Any CPU
		{D6684DE1-C474-4EB2-8707-4304DA0347FB}.Debug|x64.ActiveCfg = Debug|Any CPU
		{D6684DE1-C474-4EB2-8707-4304DA0347FB}.Debug|x64.Build.0 = Debug|Any CPU
		{D6684DE1-C474-4EB2-8707-4304DA0347FB}.Debug|x86.ActiveCfg = Debug|Any CPU
		{D6684DE1-C474-4EB2-8707-4304DA0347FB}.Debug|x86.Build.0 = Debug|Any CPU
		{D6684DE1-C474-4EB2-8707-4304DA0347FB}.Release|Any CPU.ActiveCfg = Release|Any CPU
		{D6684DE1-C474-4EB2-8707-4304DA0347FB}.Release|Any CPU.Build.0 = Release|Any CPU
		{D6684DE1-C474-4EB2-8707-4304DA0347FB}.Release|x64.ActiveCfg = Release|Any CPU
		{D6684DE1-C474-4EB2-8707-4304DA0347FB}.Release|x64.Build.0 = Release|Any CPU
		{D6684DE1-C474-4EB2-8707-4304DA0347FB}.Release|x86.ActiveCfg = Release|Any CPU
		{D6684DE1-C474-4EB2-8707-4304DA0347FB}.Release|x86.Build.0 = Release|Any CPU
		{F80DB09C-3CA4-47CC-AFF6-1B6F22B01D2C}.Debug|Any CPU.ActiveCfg = Debug|Any CPU
		{F80DB09C-3CA4-47CC-AFF6-1B6F22B01D2C}.Debug|Any CPU.Build.0 = Debug|Any CPU
		{F80DB09C-3CA4-47CC-AFF6-1B6F22B01D2C}.Debug|x64.ActiveCfg = Debug|Any CPU
		{F80DB09C-3CA4-47CC-AFF6-1B6F22B01D2C}.Debug|x64.Build.0 = Debug|Any CPU
		{F80DB09C-3CA4-47CC-AFF6-1B6F22B01D2C}.Debug|x86.ActiveCfg = Debug|Any CPU
		{F80DB09C-3CA4-47CC-AFF6-1B6F22B01D2C}.Debug|x86.Build.0 = Debug|Any CPU
		{F80DB09C-3CA4-47CC-AFF6-1B6F22B01D2C}.Release|Any CPU.ActiveCfg = Release|Any CPU
		{F80DB09C-3CA4-47CC-AFF6-1B6F22B01D2C}.Release|Any CPU.Build.0 = Release|Any CPU
		{F80DB09C-3CA4-47CC-AFF6-1B6F22B01D2C}.Release|x64.ActiveCfg = Release|Any CPU
		{F80DB09C-3CA4-47CC-AFF6-1B6F22B01D2C}.Release|x64.Build.0 = Release|Any CPU
		{F80DB09C-3CA4-47CC-AFF6-1B6F22B01D2C}.Release|x86.ActiveCfg = Release|Any CPU
		{F80DB09C-3CA4-47CC-AFF6-1B6F22B01D2C}.Release|x86.Build.0 = Release|Any CPU
		{D9A64254-D69F-47A3-98FB-EA3257DD027B}.Debug|Any CPU.ActiveCfg = Debug|Any CPU
		{D9A64254-D69F-47A3-98FB-EA3257DD027B}.Debug|Any CPU.Build.0 = Debug|Any CPU
		{D9A64254-D69F-47A3-98FB-EA3257DD027B}.Debug|x64.ActiveCfg = Debug|Any CPU
		{D9A64254-D69F-47A3-98FB-EA3257DD027B}.Debug|x64.Build.0 = Debug|Any CPU
		{D9A64254-D69F-47A3-98FB-EA3257DD027B}.Debug|x86.ActiveCfg = Debug|Any CPU
		{D9A64254-D69F-47A3-98FB-EA3257DD027B}.Debug|x86.Build.0 = Debug|Any CPU
		{D9A64254-D69F-47A3-98FB-EA3257DD027B}.Release|Any CPU.ActiveCfg = Release|Any CPU
		{D9A64254-D69F-47A3-98FB-EA3257DD027B}.Release|Any CPU.Build.0 = Release|Any CPU
		{D9A64254-D69F-47A3-98FB-EA3257DD027B}.Release|x64.ActiveCfg = Release|Any CPU
		{D9A64254-D69F-47A3-98FB-EA3257DD027B}.Release|x64.Build.0 = Release|Any CPU
		{D9A64254-D69F-47A3-98FB-EA3257DD027B}.Release|x86.ActiveCfg = Release|Any CPU
		{D9A64254-D69F-47A3-98FB-EA3257DD027B}.Release|x86.Build.0 = Release|Any CPU
		{820EECDC-7AC7-4A1B-8CDC-2B62F7BA6F4C}.Debug|Any CPU.ActiveCfg = Debug|Any CPU
		{820EECDC-7AC7-4A1B-8CDC-2B62F7BA6F4C}.Debug|Any CPU.Build.0 = Debug|Any CPU
		{820EECDC-7AC7-4A1B-8CDC-2B62F7BA6F4C}.Debug|x64.ActiveCfg = Debug|Any CPU
		{820EECDC-7AC7-4A1B-8CDC-2B62F7BA6F4C}.Debug|x64.Build.0 = Debug|Any CPU
		{820EECDC-7AC7-4A1B-8CDC-2B62F7BA6F4C}.Debug|x86.ActiveCfg = Debug|Any CPU
		{820EECDC-7AC7-4A1B-8CDC-2B62F7BA6F4C}.Debug|x86.Build.0 = Debug|Any CPU
		{820EECDC-7AC7-4A1B-8CDC-2B62F7BA6F4C}.Release|Any CPU.ActiveCfg = Release|Any CPU
		{820EECDC-7AC7-4A1B-8CDC-2B62F7BA6F4C}.Release|Any CPU.Build.0 = Release|Any CPU
		{820EECDC-7AC7-4A1B-8CDC-2B62F7BA6F4C}.Release|x64.ActiveCfg = Release|Any CPU
		{820EECDC-7AC7-4A1B-8CDC-2B62F7BA6F4C}.Release|x64.Build.0 = Release|Any CPU
		{820EECDC-7AC7-4A1B-8CDC-2B62F7BA6F4C}.Release|x86.ActiveCfg = Release|Any CPU
		{820EECDC-7AC7-4A1B-8CDC-2B62F7BA6F4C}.Release|x86.Build.0 = Release|Any CPU
		{31CBA53E-3686-4033-B4EA-6E4EEB8872C5}.Debug|Any CPU.ActiveCfg = Debug|Any CPU
		{31CBA53E-3686-4033-B4EA-6E4EEB8872C5}.Debug|Any CPU.Build.0 = Debug|Any CPU
		{31CBA53E-3686-4033-B4EA-6E4EEB8872C5}.Debug|x64.ActiveCfg = Debug|Any CPU
		{31CBA53E-3686-4033-B4EA-6E4EEB8872C5}.Debug|x64.Build.0 = Debug|Any CPU
		{31CBA53E-3686-4033-B4EA-6E4EEB8872C5}.Debug|x86.ActiveCfg = Debug|Any CPU
		{31CBA53E-3686-4033-B4EA-6E4EEB8872C5}.Debug|x86.Build.0 = Debug|Any CPU
		{31CBA53E-3686-4033-B4EA-6E4EEB8872C5}.Release|Any CPU.ActiveCfg = Release|Any CPU
		{31CBA53E-3686-4033-B4EA-6E4EEB8872C5}.Release|Any CPU.Build.0 = Release|Any CPU
		{31CBA53E-3686-4033-B4EA-6E4EEB8872C5}.Release|x64.ActiveCfg = Release|Any CPU
		{31CBA53E-3686-4033-B4EA-6E4EEB8872C5}.Release|x64.Build.0 = Release|Any CPU
		{31CBA53E-3686-4033-B4EA-6E4EEB8872C5}.Release|x86.ActiveCfg = Release|Any CPU
		{31CBA53E-3686-4033-B4EA-6E4EEB8872C5}.Release|x86.Build.0 = Release|Any CPU
		{BB550441-CFA7-41C2-B1D4-7DF613AA4406}.Debug|Any CPU.ActiveCfg = Debug|Any CPU
		{BB550441-CFA7-41C2-B1D4-7DF613AA4406}.Debug|Any CPU.Build.0 = Debug|Any CPU
		{BB550441-CFA7-41C2-B1D4-7DF613AA4406}.Debug|x64.ActiveCfg = Debug|Any CPU
		{BB550441-CFA7-41C2-B1D4-7DF613AA4406}.Debug|x64.Build.0 = Debug|Any CPU
		{BB550441-CFA7-41C2-B1D4-7DF613AA4406}.Debug|x86.ActiveCfg = Debug|Any CPU
		{BB550441-CFA7-41C2-B1D4-7DF613AA4406}.Debug|x86.Build.0 = Debug|Any CPU
		{BB550441-CFA7-41C2-B1D4-7DF613AA4406}.Release|Any CPU.ActiveCfg = Release|Any CPU
		{BB550441-CFA7-41C2-B1D4-7DF613AA4406}.Release|Any CPU.Build.0 = Release|Any CPU
		{BB550441-CFA7-41C2-B1D4-7DF613AA4406}.Release|x64.ActiveCfg = Release|Any CPU
		{BB550441-CFA7-41C2-B1D4-7DF613AA4406}.Release|x64.Build.0 = Release|Any CPU
		{BB550441-CFA7-41C2-B1D4-7DF613AA4406}.Release|x86.ActiveCfg = Release|Any CPU
		{BB550441-CFA7-41C2-B1D4-7DF613AA4406}.Release|x86.Build.0 = Release|Any CPU
	EndGlobalSection
	GlobalSection(SolutionProperties) = preSolution
		HideSolutionNode = FALSE
	EndGlobalSection
	GlobalSection(NestedProjects) = preSolution
		{D6684DE1-C474-4EB2-8707-4304DA0347FB} = {827E0CD3-B72D-47B6-A68D-7590B98EB39B}
		{F80DB09C-3CA4-47CC-AFF6-1B6F22B01D2C} = {827E0CD3-B72D-47B6-A68D-7590B98EB39B}
		{D9A64254-D69F-47A3-98FB-EA3257DD027B} = {827E0CD3-B72D-47B6-A68D-7590B98EB39B}
		{820EECDC-7AC7-4A1B-8CDC-2B62F7BA6F4C} = {827E0CD3-B72D-47B6-A68D-7590B98EB39B}
		{31CBA53E-3686-4033-B4EA-6E4EEB8872C5} = {0AB3BF05-4346-4AA6-1389-037BE0695223}
		{BB550441-CFA7-41C2-B1D4-7DF613AA4406} = {0AB3BF05-4346-4AA6-1389-037BE0695223}
	EndGlobalSection
EndGlobal
