
Microsoft Visual Studio Solution File, Format Version 12.00
# Visual Studio Version 17
VisualStudioVersion = 17.0.31903.59
MinimumVisualStudioVersion = 10.0.40219.1
Project("{2150E333-8FDC-42A3-9474-1A3956D46DE8}") = "src", "src", "{827E0CD3-B72D-47B6-A68D-7590B98EB39B}"
EndProject
Project("{FAE04EC0-301F-11D3-BF4B-00C04F79EFBC}") = "Cloudy.API", "src\Cloudy.API\Cloudy.API.csproj", "{55FF3EC4-E8CF-47AD-8A02-C8CDFCC5433D}"
EndProject
Project("{FAE04EC0-301F-11D3-BF4B-00C04F79EFBC}") = "Cloudy.Application", "src\Cloudy.Application\Cloudy.Application.csproj", "{19B8F633-1CBA-4B28-B196-96A3063ADC54}"
EndProject
Project("{FAE04EC0-301F-11D3-BF4B-00C04F79EFBC}") = "Cloudy.Domain", "src\Cloudy.Domain\Cloudy.Domain.csproj", "{ED528B5C-6A1A-4A4E-9C30-B9342235D3D0}"
EndProject
Project("{FAE04EC0-301F-11D3-BF4B-00C04F79EFBC}") = "Cloudy.Infrastructure", "src\Cloudy.Infrastructure\Cloudy.Infrastructure.csproj", "{6D21718D-15F3-4C68-897E-79F12618D1A8}"
EndProject
Project("{2150E333-8FDC-42A3-9474-1A3956D46DE8}") = "tests", "tests", "{0AB3BF05-4346-4AA6-1389-037BE0695223}"
EndProject
Project("{FAE04EC0-301F-11D3-BF4B-00C04F79EFBC}") = "Cloudy.Infrastructure.Tests", "tests\Cloudy.Infrastructure.Tests\Cloudy.Infrastructure.Tests.csproj", "{DC5CA4EA-A0CF-4270-B51E-8C6DCBA213EB}"
EndProject
Project("{FAE04EC0-301F-11D3-BF4B-00C04F79EFBC}") = "Cloudy.Domain.Tests", "tests\Cloudy.Domain.Tests\Cloudy.Domain.Tests.csproj", "{1E42B150-3EF1-4D11-8C0C-865E3C64C848}"
EndProject
Project("{FAE04EC0-301F-11D3-BF4B-00C04F79EFBC}") = "Cloudy.Application.Tests", "tests\Cloudy.Application.Tests\Cloudy.Application.Tests.csproj", "{13F6359B-809E-452E-93C7-C17E8217D14F}"
EndProject
Project("{FAE04EC0-301F-11D3-BF4B-00C04F79EFBC}") = "Cloudy.API.Tests", "tests\Cloudy.API.Tests\Cloudy.API.Tests.csproj", "{E17D7970-3BF6-4E31-97EA-F830E0E3ED8D}"
EndProject
Global
	GlobalSection(SolutionConfigurationPlatforms) = preSolution
		Debug|Any CPU = Debug|Any CPU
		Debug|x64 = Debug|x64
		Debug|x86 = Debug|x86
		Release|Any CPU = Release|Any CPU
		Release|x64 = Release|x64
		Release|x86 = Release|x86
	EndGlobalSection
	GlobalSection(ProjectConfigurationPlatforms) = postSolution
		{55FF3EC4-E8CF-47AD-8A02-C8CDFCC5433D}.Debug|Any CPU.ActiveCfg = Debug|Any CPU
		{55FF3EC4-E8CF-47AD-8A02-C8CDFCC5433D}.Debug|Any CPU.Build.0 = Debug|Any CPU
		{55FF3EC4-E8CF-47AD-8A02-C8CDFCC5433D}.Debug|x64.ActiveCfg = Debug|Any CPU
		{55FF3EC4-E8CF-47AD-8A02-C8CDFCC5433D}.Debug|x64.Build.0 = Debug|Any CPU
		{55FF3EC4-E8CF-47AD-8A02-C8CDFCC5433D}.Debug|x86.ActiveCfg = Debug|Any CPU
		{55FF3EC4-E8CF-47AD-8A02-C8CDFCC5433D}.Debug|x86.Build.0 = Debug|Any CPU
		{55FF3EC4-E8CF-47AD-8A02-C8CDFCC5433D}.Release|Any CPU.ActiveCfg = Release|Any CPU
		{55FF3EC4-E8CF-47AD-8A02-C8CDFCC5433D}.Release|Any CPU.Build.0 = Release|Any CPU
		{55FF3EC4-E8CF-47AD-8A02-C8CDFCC5433D}.Release|x64.ActiveCfg = Release|Any CPU
		{55FF3EC4-E8CF-47AD-8A02-C8CDFCC5433D}.Release|x64.Build.0 = Release|Any CPU
		{55FF3EC4-E8CF-47AD-8A02-C8CDFCC5433D}.Release|x86.ActiveCfg = Release|Any CPU
		{55FF3EC4-E8CF-47AD-8A02-C8CDFCC5433D}.Release|x86.Build.0 = Release|Any CPU
		{19B8F633-1CBA-4B28-B196-96A3063ADC54}.Debug|Any CPU.ActiveCfg = Debug|Any CPU
		{19B8F633-1CBA-4B28-B196-96A3063ADC54}.Debug|Any CPU.Build.0 = Debug|Any CPU
		{19B8F633-1CBA-4B28-B196-96A3063ADC54}.Debug|x64.ActiveCfg = Debug|Any CPU
		{19B8F633-1CBA-4B28-B196-96A3063ADC54}.Debug|x64.Build.0 = Debug|Any CPU
		{19B8F633-1CBA-4B28-B196-96A3063ADC54}.Debug|x86.ActiveCfg = Debug|Any CPU
		{19B8F633-1CBA-4B28-B196-96A3063ADC54}.Debug|x86.Build.0 = Debug|Any CPU
		{19B8F633-1CBA-4B28-B196-96A3063ADC54}.Release|Any CPU.ActiveCfg = Release|Any CPU
		{19B8F633-1CBA-4B28-B196-96A3063ADC54}.Release|Any CPU.Build.0 = Release|Any CPU
		{19B8F633-1CBA-4B28-B196-96A3063ADC54}.Release|x64.ActiveCfg = Release|Any CPU
		{19B8F633-1CBA-4B28-B196-96A3063ADC54}.Release|x64.Build.0 = Release|Any CPU
		{19B8F633-1CBA-4B28-B196-96A3063ADC54}.Release|x86.ActiveCfg = Release|Any CPU
		{19B8F633-1CBA-4B28-B196-96A3063ADC54}.Release|x86.Build.0 = Release|Any CPU
		{ED528B5C-6A1A-4A4E-9C30-B9342235D3D0}.Debug|Any CPU.ActiveCfg = Debug|Any CPU
		{ED528B5C-6A1A-4A4E-9C30-B9342235D3D0}.Debug|Any CPU.Build.0 = Debug|Any CPU
		{ED528B5C-6A1A-4A4E-9C30-B9342235D3D0}.Debug|x64.ActiveCfg = Debug|Any CPU
		{ED528B5C-6A1A-4A4E-9C30-B9342235D3D0}.Debug|x64.Build.0 = Debug|Any CPU
		{ED528B5C-6A1A-4A4E-9C30-B9342235D3D0}.Debug|x86.ActiveCfg = Debug|Any CPU
		{ED528B5C-6A1A-4A4E-9C30-B9342235D3D0}.Debug|x86.Build.0 = Debug|Any CPU
		{ED528B5C-6A1A-4A4E-9C30-B9342235D3D0}.Release|Any CPU.ActiveCfg = Release|Any CPU
		{ED528B5C-6A1A-4A4E-9C30-B9342235D3D0}.Release|Any CPU.Build.0 = Release|Any CPU
		{ED528B5C-6A1A-4A4E-9C30-B9342235D3D0}.Release|x64.ActiveCfg = Release|Any CPU
		{ED528B5C-6A1A-4A4E-9C30-B9342235D3D0}.Release|x64.Build.0 = Release|Any CPU
		{ED528B5C-6A1A-4A4E-9C30-B9342235D3D0}.Release|x86.ActiveCfg = Release|Any CPU
		{ED528B5C-6A1A-4A4E-9C30-B9342235D3D0}.Release|x86.Build.0 = Release|Any CPU
		{6D21718D-15F3-4C68-897E-79F12618D1A8}.Debug|Any CPU.ActiveCfg = Debug|Any CPU
		{6D21718D-15F3-4C68-897E-79F12618D1A8}.Debug|Any CPU.Build.0 = Debug|Any CPU
		{6D21718D-15F3-4C68-897E-79F12618D1A8}.Debug|x64.ActiveCfg = Debug|Any CPU
		{6D21718D-15F3-4C68-897E-79F12618D1A8}.Debug|x64.Build.0 = Debug|Any CPU
		{6D21718D-15F3-4C68-897E-79F12618D1A8}.Debug|x86.ActiveCfg = Debug|Any CPU
		{6D21718D-15F3-4C68-897E-79F12618D1A8}.Debug|x86.Build.0 = Debug|Any CPU
		{6D21718D-15F3-4C68-897E-79F12618D1A8}.Release|Any CPU.ActiveCfg = Release|Any CPU
		{6D21718D-15F3-4C68-897E-79F12618D1A8}.Release|Any CPU.Build.0 = Release|Any CPU
		{6D21718D-15F3-4C68-897E-79F12618D1A8}.Release|x64.ActiveCfg = Release|Any CPU
		{6D21718D-15F3-4C68-897E-79F12618D1A8}.Release|x64.Build.0 = Release|Any CPU
		{6D21718D-15F3-4C68-897E-79F12618D1A8}.Release|x86.ActiveCfg = Release|Any CPU
		{6D21718D-15F3-4C68-897E-79F12618D1A8}.Release|x86.Build.0 = Release|Any CPU
		{DC5CA4EA-A0CF-4270-B51E-8C6DCBA213EB}.Debug|Any CPU.ActiveCfg = Debug|Any CPU
		{DC5CA4EA-A0CF-4270-B51E-8C6DCBA213EB}.Debug|Any CPU.Build.0 = Debug|Any CPU
		{DC5CA4EA-A0CF-4270-B51E-8C6DCBA213EB}.Debug|x64.ActiveCfg = Debug|Any CPU
		{DC5CA4EA-A0CF-4270-B51E-8C6DCBA213EB}.Debug|x64.Build.0 = Debug|Any CPU
		{DC5CA4EA-A0CF-4270-B51E-8C6DCBA213EB}.Debug|x86.ActiveCfg = Debug|Any CPU
		{DC5CA4EA-A0CF-4270-B51E-8C6DCBA213EB}.Debug|x86.Build.0 = Debug|Any CPU
		{DC5CA4EA-A0CF-4270-B51E-8C6DCBA213EB}.Release|Any CPU.ActiveCfg = Release|Any CPU
		{DC5CA4EA-A0CF-4270-B51E-8C6DCBA213EB}.Release|Any CPU.Build.0 = Release|Any CPU
		{DC5CA4EA-A0CF-4270-B51E-8C6DCBA213EB}.Release|x64.ActiveCfg = Release|Any CPU
		{DC5CA4EA-A0CF-4270-B51E-8C6DCBA213EB}.Release|x64.Build.0 = Release|Any CPU
		{DC5CA4EA-A0CF-4270-B51E-8C6DCBA213EB}.Release|x86.ActiveCfg = Release|Any CPU
		{DC5CA4EA-A0CF-4270-B51E-8C6DCBA213EB}.Release|x86.Build.0 = Release|Any CPU
		{1E42B150-3EF1-4D11-8C0C-865E3C64C848}.Debug|Any CPU.ActiveCfg = Debug|Any CPU
		{1E42B150-3EF1-4D11-8C0C-865E3C64C848}.Debug|Any CPU.Build.0 = Debug|Any CPU
		{1E42B150-3EF1-4D11-8C0C-865E3C64C848}.Debug|x64.ActiveCfg = Debug|Any CPU
		{1E42B150-3EF1-4D11-8C0C-865E3C64C848}.Debug|x64.Build.0 = Debug|Any CPU
		{1E42B150-3EF1-4D11-8C0C-865E3C64C848}.Debug|x86.ActiveCfg = Debug|Any CPU
		{1E42B150-3EF1-4D11-8C0C-865E3C64C848}.Debug|x86.Build.0 = Debug|Any CPU
		{1E42B150-3EF1-4D11-8C0C-865E3C64C848}.Release|Any CPU.ActiveCfg = Release|Any CPU
		{1E42B150-3EF1-4D11-8C0C-865E3C64C848}.Release|Any CPU.Build.0 = Release|Any CPU
		{1E42B150-3EF1-4D11-8C0C-865E3C64C848}.Release|x64.ActiveCfg = Release|Any CPU
		{1E42B150-3EF1-4D11-8C0C-865E3C64C848}.Release|x64.Build.0 = Release|Any CPU
		{1E42B150-3EF1-4D11-8C0C-865E3C64C848}.Release|x86.ActiveCfg = Release|Any CPU
		{1E42B150-3EF1-4D11-8C0C-865E3C64C848}.Release|x86.Build.0 = Release|Any CPU
		{13F6359B-809E-452E-93C7-C17E8217D14F}.Debug|Any CPU.ActiveCfg = Debug|Any CPU
		{13F6359B-809E-452E-93C7-C17E8217D14F}.Debug|Any CPU.Build.0 = Debug|Any CPU
		{13F6359B-809E-452E-93C7-C17E8217D14F}.Debug|x64.ActiveCfg = Debug|Any CPU
		{13F6359B-809E-452E-93C7-C17E8217D14F}.Debug|x64.Build.0 = Debug|Any CPU
		{13F6359B-809E-452E-93C7-C17E8217D14F}.Debug|x86.ActiveCfg = Debug|Any CPU
		{13F6359B-809E-452E-93C7-C17E8217D14F}.Debug|x86.Build.0 = Debug|Any CPU
		{13F6359B-809E-452E-93C7-C17E8217D14F}.Release|Any CPU.ActiveCfg = Release|Any CPU
		{13F6359B-809E-452E-93C7-C17E8217D14F}.Release|Any CPU.Build.0 = Release|Any CPU
		{13F6359B-809E-452E-93C7-C17E8217D14F}.Release|x64.ActiveCfg = Release|Any CPU
		{13F6359B-809E-452E-93C7-C17E8217D14F}.Release|x64.Build.0 = Release|Any CPU
		{13F6359B-809E-452E-93C7-C17E8217D14F}.Release|x86.ActiveCfg = Release|Any CPU
		{13F6359B-809E-452E-93C7-C17E8217D14F}.Release|x86.Build.0 = Release|Any CPU
		{E17D7970-3BF6-4E31-97EA-F830E0E3ED8D}.Debug|Any CPU.ActiveCfg = Debug|Any CPU
		{E17D7970-3BF6-4E31-97EA-F830E0E3ED8D}.Debug|Any CPU.Build.0 = Debug|Any CPU
		{E17D7970-3BF6-4E31-97EA-F830E0E3ED8D}.Debug|x64.ActiveCfg = Debug|Any CPU
		{E17D7970-3BF6-4E31-97EA-F830E0E3ED8D}.Debug|x64.Build.0 = Debug|Any CPU
		{E17D7970-3BF6-4E31-97EA-F830E0E3ED8D}.Debug|x86.ActiveCfg = Debug|Any CPU
		{E17D7970-3BF6-4E31-97EA-F830E0E3ED8D}.Debug|x86.Build.0 = Debug|Any CPU
		{E17D7970-3BF6-4E31-97EA-F830E0E3ED8D}.Release|Any CPU.ActiveCfg = Release|Any CPU
		{E17D7970-3BF6-4E31-97EA-F830E0E3ED8D}.Release|Any CPU.Build.0 = Release|Any CPU
		{E17D7970-3BF6-4E31-97EA-F830E0E3ED8D}.Release|x64.ActiveCfg = Release|Any CPU
		{E17D7970-3BF6-4E31-97EA-F830E0E3ED8D}.Release|x64.Build.0 = Release|Any CPU
		{E17D7970-3BF6-4E31-97EA-F830E0E3ED8D}.Release|x86.ActiveCfg = Release|Any CPU
		{E17D7970-3BF6-4E31-97EA-F830E0E3ED8D}.Release|x86.Build.0 = Release|Any CPU
	EndGlobalSection
	GlobalSection(SolutionProperties) = preSolution
		HideSolutionNode = FALSE
	EndGlobalSection
	GlobalSection(NestedProjects) = preSolution
		{55FF3EC4-E8CF-47AD-8A02-C8CDFCC5433D} = {827E0CD3-B72D-47B6-A68D-7590B98EB39B}
		{19B8F633-1CBA-4B28-B196-96A3063ADC54} = {827E0CD3-B72D-47B6-A68D-7590B98EB39B}
		{ED528B5C-6A1A-4A4E-9C30-B9342235D3D0} = {827E0CD3-B72D-47B6-A68D-7590B98EB39B}
		{6D21718D-15F3-4C68-897E-79F12618D1A8} = {827E0CD3-B72D-47B6-A68D-7590B98EB39B}
		{DC5CA4EA-A0CF-4270-B51E-8C6DCBA213EB} = {0AB3BF05-4346-4AA6-1389-037BE0695223}
		{1E42B150-3EF1-4D11-8C0C-865E3C64C848} = {0AB3BF05-4346-4AA6-1389-037BE0695223}
		{13F6359B-809E-452E-93C7-C17E8217D14F} = {0AB3BF05-4346-4AA6-1389-037BE0695223}
		{E17D7970-3BF6-4E31-97EA-F830E0E3ED8D} = {0AB3BF05-4346-4AA6-1389-037BE0695223}
	EndGlobalSection
EndGlobal
